// !$*UTF8*$!
{
	archiveVersion = 1;
	classes = {
	};
	objectVersion = 46;
	objects = {

/* Begin PBXBuildFile section */
		4EB874011ADC5B56007FAA0B /* ListTableViewController.m in Sources */ = {isa = PBXBuildFile; fileRef = 4EB873FF1ADC5B56007FAA0B /* ListTableViewController.m */; };
		4EB874021ADC5B56007FAA0B /* ListTableViewController.xib in Resources */ = {isa = PBXBuildFile; fileRef = 4EB874001ADC5B56007FAA0B /* ListTableViewController.xib */; };
		4ECE365B1AD9A22100945395 /* main.m in Sources */ = {isa = PBXBuildFile; fileRef = 4ECE365A1AD9A22100945395 /* main.m */; };
		4ECE365E1AD9A22100945395 /* AppDelegate.m in Sources */ = {isa = PBXBuildFile; fileRef = 4ECE365D1AD9A22100945395 /* AppDelegate.m */; };
		4ECE36611AD9A22100945395 /* List.xcdatamodeld in Sources */ = {isa = PBXBuildFile; fileRef = 4ECE365F1AD9A22100945395 /* List.xcdatamodeld */; };
		4ECE36691AD9A22100945395 /* Images.xcassets in Resources */ = {isa = PBXBuildFile; fileRef = 4ECE36681AD9A22100945395 /* Images.xcassets */; };
		4ECE366C1AD9A22100945395 /* LaunchScreen.xib in Resources */ = {isa = PBXBuildFile; fileRef = 4ECE366A1AD9A22100945395 /* LaunchScreen.xib */; };
		4ECE36781AD9A22100945395 /* ListTests.m in Sources */ = {isa = PBXBuildFile; fileRef = 4ECE36771AD9A22100945395 /* ListTests.m */; };
		4ECE36881AD9B93900945395 /* Item.m in Sources */ = {isa = PBXBuildFile; fileRef = 4ECE36871AD9B93900945395 /* Item.m */; };
		4ECE36961ADC01AB00945395 /* ItemCell.m in Sources */ = {isa = PBXBuildFile; fileRef = 4ECE36941ADC01AB00945395 /* ItemCell.m */; };
		4ECE36971ADC01AB00945395 /* ItemCell.xib in Resources */ = {isa = PBXBuildFile; fileRef = 4ECE36951ADC01AB00945395 /* ItemCell.xib */; };
/* End PBXBuildFile section */

/* Begin PBXContainerItemProxy section */
		4ECE36721AD9A22100945395 /* PBXContainerItemProxy */ = {
			isa = PBXContainerItemProxy;
			containerPortal = 4ECE364D1AD9A22100945395 /* Project object */;
			proxyType = 1;
			remoteGlobalIDString = 4ECE36541AD9A22100945395;
			remoteInfo = List;
		};
/* End PBXContainerItemProxy section */

/* Begin PBXFileReference section */
		4EB873FE1ADC5B56007FAA0B /* ListTableViewController.h */ = {isa = PBXFileReference; fileEncoding = 4; lastKnownFileType = sourcecode.c.h; path = ListTableViewController.h; sourceTree = "<group>"; };
		4EB873FF1ADC5B56007FAA0B /* ListTableViewController.m */ = {isa = PBXFileReference; fileEncoding = 4; lastKnownFileType = sourcecode.c.objc; path = ListTableViewController.m; sourceTree = "<group>"; };
		4EB874001ADC5B56007FAA0B /* ListTableViewController.xib */ = {isa = PBXFileReference; fileEncoding = 4; lastKnownFileType = file.xib; path = ListTableViewController.xib; sourceTree = "<group>"; };
		4ECE36551AD9A22100945395 /* List.app */ = {isa = PBXFileReference; explicitFileType = wrapper.application; includeInIndex = 0; path = List.app; sourceTree = BUILT_PRODUCTS_DIR; };
		4ECE36591AD9A22100945395 /* Info.plist */ = {isa = PBXFileReference; lastKnownFileType = text.plist.xml; path = Info.plist; sourceTree = "<group>"; };
		4ECE365A1AD9A22100945395 /* main.m */ = {isa = PBXFileReference; lastKnownFileType = sourcecode.c.objc; path = main.m; sourceTree = "<group>"; };
		4ECE365C1AD9A22100945395 /* AppDelegate.h */ = {isa = PBXFileReference; lastKnownFileType = sourcecode.c.h; path = AppDelegate.h; sourceTree = "<group>"; };
		4ECE365D1AD9A22100945395 /* AppDelegate.m */ = {isa = PBXFileReference; lastKnownFileType = sourcecode.c.objc; path = AppDelegate.m; sourceTree = "<group>"; };
		4ECE36601AD9A22100945395 /* List.xcdatamodel */ = {isa = PBXFileReference; lastKnownFileType = wrapper.xcdatamodel; path = List.xcdatamodel; sourceTree = "<group>"; };
		4ECE36681AD9A22100945395 /* Images.xcassets */ = {isa = PBXFileReference; lastKnownFileType = folder.assetcatalog; path = Images.xcassets; sourceTree = "<group>"; };
		4ECE366B1AD9A22100945395 /* Base */ = {isa = PBXFileReference; lastKnownFileType = file.xib; name = Base; path = Base.lproj/LaunchScreen.xib; sourceTree = "<group>"; };
		4ECE36711AD9A22100945395 /* ListTests.xctest */ = {isa = PBXFileReference; explicitFileType = wrapper.cfbundle; includeInIndex = 0; path = ListTests.xctest; sourceTree = BUILT_PRODUCTS_DIR; };
		4ECE36761AD9A22100945395 /* Info.plist */ = {isa = PBXFileReference; lastKnownFileType = text.plist.xml; path = Info.plist; sourceTree = "<group>"; };
		4ECE36771AD9A22100945395 /* ListTests.m */ = {isa = PBXFileReference; lastKnownFileType = sourcecode.c.objc; path = ListTests.m; sourceTree = "<group>"; };
		4ECE36861AD9B93900945395 /* Item.h */ = {isa = PBXFileReference; fileEncoding = 4; lastKnownFileType = sourcecode.c.h; path = Item.h; sourceTree = "<group>"; };
		4ECE36871AD9B93900945395 /* Item.m */ = {isa = PBXFileReference; fileEncoding = 4; lastKnownFileType = sourcecode.c.objc; path = Item.m; sourceTree = "<group>"; };
		4ECE36931ADC01AB00945395 /* ItemCell.h */ = {isa = PBXFileReference; fileEncoding = 4; lastKnownFileType = sourcecode.c.h; path = ItemCell.h; sourceTree = "<group>"; };
		4ECE36941ADC01AB00945395 /* ItemCell.m */ = {isa = PBXFileReference; fileEncoding = 4; lastKnownFileType = sourcecode.c.objc; path = ItemCell.m; sourceTree = "<group>"; };
		4ECE36951ADC01AB00945395 /* ItemCell.xib */ = {isa = PBXFileReference; fileEncoding = 4; lastKnownFileType = file.xib; path = ItemCell.xib; sourceTree = "<group>"; };
/* End PBXFileReference section */

/* Begin PBXFrameworksBuildPhase section */
		4ECE36521AD9A22100945395 /* Frameworks */ = {
			isa = PBXFrameworksBuildPhase;
			buildActionMask = 2147483647;
			files = (
			);
			runOnlyForDeploymentPostprocessing = 0;
		};
		4ECE366E1AD9A22100945395 /* Frameworks */ = {
			isa = PBXFrameworksBuildPhase;
			buildActionMask = 2147483647;
			files = (
			);
			runOnlyForDeploymentPostprocessing = 0;
		};
/* End PBXFrameworksBuildPhase section */

/* Begin PBXGroup section */
		4ECE364C1AD9A22100945395 = {
			isa = PBXGroup;
			children = (
				4ECE36571AD9A22100945395 /* List */,
				4ECE36741AD9A22100945395 /* ListTests */,
				4ECE36561AD9A22100945395 /* Products */,
			);
			sourceTree = "<group>";
		};
		4ECE36561AD9A22100945395 /* Products */ = {
			isa = PBXGroup;
			children = (
				4ECE36551AD9A22100945395 /* List.app */,
				4ECE36711AD9A22100945395 /* ListTests.xctest */,
			);
			name = Products;
			sourceTree = "<group>";
		};
		4ECE36571AD9A22100945395 /* List */ = {
			isa = PBXGroup;
			children = (
				4ECE365C1AD9A22100945395 /* AppDelegate.h */,
				4ECE365D1AD9A22100945395 /* AppDelegate.m */,
				4ECE36681AD9A22100945395 /* Images.xcassets */,
				4ECE36861AD9B93900945395 /* Item.h */,
				4ECE36871AD9B93900945395 /* Item.m */,
				4ECE36931ADC01AB00945395 /* ItemCell.h */,
				4ECE36941ADC01AB00945395 /* ItemCell.m */,
				4ECE36951ADC01AB00945395 /* ItemCell.xib */,
				4ECE366A1AD9A22100945395 /* LaunchScreen.xib */,
				4ECE365F1AD9A22100945395 /* List.xcdatamodeld */,
				4EB873FE1ADC5B56007FAA0B /* ListTableViewController.h */,
				4EB873FF1ADC5B56007FAA0B /* ListTableViewController.m */,
				4EB874001ADC5B56007FAA0B /* ListTableViewController.xib */,
				4ECE36581AD9A22100945395 /* Supporting Files */,
			);
			path = List;
			sourceTree = "<group>";
		};
		4ECE36581AD9A22100945395 /* Supporting Files */ = {
			isa = PBXGroup;
			children = (
				4ECE36591AD9A22100945395 /* Info.plist */,
				4ECE365A1AD9A22100945395 /* main.m */,
			);
			name = "Supporting Files";
			sourceTree = "<group>";
		};
		4ECE36741AD9A22100945395 /* ListTests */ = {
			isa = PBXGroup;
			children = (
				4ECE36771AD9A22100945395 /* ListTests.m */,
				4ECE36751AD9A22100945395 /* Supporting Files */,
			);
			path = ListTests;
			sourceTree = "<group>";
		};
		4ECE36751AD9A22100945395 /* Supporting Files */ = {
			isa = PBXGroup;
			children = (
				4ECE36761AD9A22100945395 /* Info.plist */,
			);
			name = "Supporting Files";
			sourceTree = "<group>";
		};
/* End PBXGroup section */

/* Begin PBXNativeTarget section */
		4ECE36541AD9A22100945395 /* List */ = {
			isa = PBXNativeTarget;
			buildConfigurationList = 4ECE367B1AD9A22100945395 /* Build configuration list for PBXNativeTarget "List" */;
			buildPhases = (
				4ECE36511AD9A22100945395 /* Sources */,
				4ECE36521AD9A22100945395 /* Frameworks */,
				4ECE36531AD9A22100945395 /* Resources */,
			);
			buildRules = (
			);
			dependencies = (
			);
			name = List;
			productName = List;
			productReference = 4ECE36551AD9A22100945395 /* List.app */;
			productType = "com.apple.product-type.application";
		};
		4ECE36701AD9A22100945395 /* ListTests */ = {
			isa = PBXNativeTarget;
			buildConfigurationList = 4ECE367E1AD9A22100945395 /* Build configuration list for PBXNativeTarget "ListTests" */;
			buildPhases = (
				4ECE366D1AD9A22100945395 /* Sources */,
				4ECE366E1AD9A22100945395 /* Frameworks */,
				4ECE366F1AD9A22100945395 /* Resources */,
			);
			buildRules = (
			);
			dependencies = (
				4ECE36731AD9A22100945395 /* PBXTargetDependency */,
			);
			name = ListTests;
			productName = ListTests;
			productReference = 4ECE36711AD9A22100945395 /* ListTests.xctest */;
			productType = "com.apple.product-type.bundle.unit-test";
		};
/* End PBXNativeTarget section */

/* Begin PBXProject section */
		4ECE364D1AD9A22100945395 /* Project object */ = {
			isa = PBXProject;
			attributes = {
				LastUpgradeCheck = 0620;
				ORGANIZATIONNAME = "Maciej Stanik";
				TargetAttributes = {
					4ECE36541AD9A22100945395 = {
						CreatedOnToolsVersion = 6.2;
					};
					4ECE36701AD9A22100945395 = {
						CreatedOnToolsVersion = 6.2;
						TestTargetID = 4ECE36541AD9A22100945395;
					};
				};
			};
			buildConfigurationList = 4ECE36501AD9A22100945395 /* Build configuration list for PBXProject "List" */;
			compatibilityVersion = "Xcode 3.2";
			developmentRegion = English;
			hasScannedForEncodings = 0;
			knownRegions = (
				en,
				Base,
			);
			mainGroup = 4ECE364C1AD9A22100945395;
			productRefGroup = 4ECE36561AD9A22100945395 /* Products */;
			projectDirPath = "";
			projectRoot = "";
			targets = (
				4ECE36541AD9A22100945395 /* List */,
				4ECE36701AD9A22100945395 /* ListTests */,
			);
		};
/* End PBXProject section */

/* Begin PBXResourcesBuildPhase section */
		4ECE36531AD9A22100945395 /* Resources */ = {
			isa = PBXResourcesBuildPhase;
			buildActionMask = 2147483647;
			files = (
				4EB874021ADC5B56007FAA0B /* ListTableViewController.xib in Resources */,
				4ECE36971ADC01AB00945395 /* ItemCell.xib in Resources */,
				4ECE366C1AD9A22100945395 /* LaunchScreen.xib in Resources */,
				4ECE36691AD9A22100945395 /* Images.xcassets in Resources */,
			);
			runOnlyForDeploymentPostprocessing = 0;
		};
		4ECE366F1AD9A22100945395 /* Resources */ = {
			isa = PBXResourcesBuildPhase;
			buildActionMask = 2147483647;
			files = (
			);
			runOnlyForDeploymentPostprocessing = 0;
		};
/* End PBXResourcesBuildPhase section */

/* Begin PBXSourcesBuildPhase section */
		4ECE36511AD9A22100945395 /* Sources */ = {
			isa = PBXSourcesBuildPhase;
			buildActionMask = 2147483647;
			files = (
				4ECE36961ADC01AB00945395 /* ItemCell.m in Sources */,
				4ECE36881AD9B93900945395 /* Item.m in Sources */,
				4ECE365E1AD9A22100945395 /* AppDelegate.m in Sources */,
				4EB874011ADC5B56007FAA0B /* ListTableViewController.m in Sources */,
				4ECE365B1AD9A22100945395 /* main.m in Sources */,
				4ECE36611AD9A22100945395 /* List.xcdatamodeld in Sources */,
			);
			runOnlyForDeploymentPostprocessing = 0;
		};
		4ECE366D1AD9A22100945395 /* Sources */ = {
			isa = PBXSourcesBuildPhase;
			buildActionMask = 2147483647;
			files = (
				4ECE36781AD9A22100945395 /* ListTests.m in Sources */,
			);
			runOnlyForDeploymentPostprocessing = 0;
		};
/* End PBXSourcesBuildPhase section */

/* Begin PBXTargetDependency section */
		4ECE36731AD9A22100945395 /* PBXTargetDependency */ = {
			isa = PBXTargetDependency;
			target = 4ECE36541AD9A22100945395 /* List */;
			targetProxy = 4ECE36721AD9A22100945395 /* PBXContainerItemProxy */;
		};
/* End PBXTargetDependency section */

/* Begin PBXVariantGroup section */
		4ECE366A1AD9A22100945395 /* LaunchScreen.xib */ = {
			isa = PBXVariantGroup;
			children = (
				4ECE366B1AD9A22100945395 /* Base */,
			);
			name = LaunchScreen.xib;
			sourceTree = "<group>";
		};
/* End PBXVariantGroup section */

/* Begin XCBuildConfiguration section */
		4ECE36791AD9A22100945395 /* Debug */ = {
			isa = XCBuildConfiguration;
			buildSettings = {
				ALWAYS_SEARCH_USER_PATHS = NO;
				CLANG_CXX_LANGUAGE_STANDARD = "gnu++0x";
				CLANG_CXX_LIBRARY = "libc++";
				CLANG_ENABLE_MODULES = YES;
				CLANG_ENABLE_OBJC_ARC = YES;
				CLANG_WARN_BOOL_CONVERSION = YES;
				CLANG_WARN_CONSTANT_CONVERSION = YES;
				CLANG_WARN_DIRECT_OBJC_ISA_USAGE = YES_ERROR;
				CLANG_WARN_EMPTY_BODY = YES;
				CLANG_WARN_ENUM_CONVERSION = YES;
				CLANG_WARN_INT_CONVERSION = YES;
				CLANG_WARN_OBJC_ROOT_CLASS = YES_ERROR;
				CLANG_WARN_UNREACHABLE_CODE = YES;
				CLANG_WARN__DUPLICATE_METHOD_MATCH = YES;
				"CODE_SIGN_IDENTITY[sdk=iphoneos*]" = "iPhone Developer";
				COPY_PHASE_STRIP = NO;
				ENABLE_STRICT_OBJC_MSGSEND = YES;
				GCC_C_LANGUAGE_STANDARD = gnu99;
				GCC_DYNAMIC_NO_PIC = NO;
				GCC_OPTIMIZATION_LEVEL = 0;
				GCC_PREPROCESSOR_DEFINITIONS = (
					"DEBUG=1",
					"$(inherited)",
				);
				GCC_SYMBOLS_PRIVATE_EXTERN = NO;
				GCC_WARN_64_TO_32_BIT_CONVERSION = YES;
				GCC_WARN_ABOUT_RETURN_TYPE = YES_ERROR;
				GCC_WARN_UNDECLARED_SELECTOR = YES;
				GCC_WARN_UNINITIALIZED_AUTOS = YES_AGGRESSIVE;
				GCC_WARN_UNUSED_FUNCTION = YES;
				GCC_WARN_UNUSED_VARIABLE = YES;
				IPHONEOS_DEPLOYMENT_TARGET = 8.2;
				MTL_ENABLE_DEBUG_INFO = YES;
				ONLY_ACTIVE_ARCH = YES;
				SDKROOT = iphoneos;
			};
			name = Debug;
		};
		4ECE367A1AD9A22100945395 /* Release */ = {
			isa = XCBuildConfiguration;
			buildSettings = {
				ALWAYS_SEARCH_USER_PATHS = NO;
				CLANG_CXX_LANGUAGE_STANDARD = "gnu++0x";
				CLANG_CXX_LIBRARY = "libc++";
				CLANG_ENABLE_MODULES = YES;
				CLANG_ENABLE_OBJC_ARC = YES;
				CLANG_WARN_BOOL_CONVERSION = YES;
				CLANG_WARN_CONSTANT_CONVERSION = YES;
				CLANG_WARN_DIRECT_OBJC_ISA_USAGE = YES_ERROR;
				CLANG_WARN_EMPTY_BODY = YES;
				CLANG_WARN_ENUM_CONVERSION = YES;
				CLANG_WARN_INT_CONVERSION = YES;
				CLANG_WARN_OBJC_ROOT_CLASS = YES_ERROR;
				CLANG_WARN_UNREACHABLE_CODE = YES;
				CLANG_WARN__DUPLICATE_METHOD_MATCH = YES;
				"CODE_SIGN_IDENTITY[sdk=iphoneos*]" = "iPhone Developer";
				COPY_PHASE_STRIP = NO;
				ENABLE_NS_ASSERTIONS = NO;
				ENABLE_STRICT_OBJC_MSGSEND = YES;
				GCC_C_LANGUAGE_STANDARD = gnu99;
				GCC_WARN_64_TO_32_BIT_CONVERSION = YES;
				GCC_WARN_ABOUT_RETURN_TYPE = YES_ERROR;
				GCC_WARN_UNDECLARED_SELECTOR = YES;
				GCC_WARN_UNINITIALIZED_AUTOS = YES_AGGRESSIVE;
				GCC_WARN_UNUSED_FUNCTION = YES;
				GCC_WARN_UNUSED_VARIABLE = YES;
				IPHONEOS_DEPLOYMENT_TARGET = 8.2;
				MTL_ENABLE_DEBUG_INFO = NO;
				SDKROOT = iphoneos;
				VALIDATE_PRODUCT = YES;
			};
			name = Release;
		};
		4ECE367C1AD9A22100945395 /* Debug */ = {
			isa = XCBuildConfiguration;
			buildSettings = {
				ASSETCATALOG_COMPILER_APPICON_NAME = AppIcon;
				CODE_SIGN_IDENTITY = "iPhone Developer";
				INFOPLIST_FILE = List/Info.plist;
				LD_RUNPATH_SEARCH_PATHS = "$(inherited) @executable_path/Frameworks";
				PRODUCT_NAME = List;
			};
			name = Debug;
		};
		4ECE367D1AD9A22100945395 /* Release */ = {
			isa = XCBuildConfiguration;
			buildSettings = {
				ASSETCATALOG_COMPILER_APPICON_NAME = AppIcon;
				CODE_SIGN_IDENTITY = "iPhone Developer";
				INFOPLIST_FILE = List/Info.plist;
				LD_RUNPATH_SEARCH_PATHS = "$(inherited) @executable_path/Frameworks";
				PRODUCT_NAME = List;
			};
			name = Release;
		};
		4ECE367F1AD9A22100945395 /* Debug */ = {
			isa = XCBuildConfiguration;
			buildSettings = {
				BUNDLE_LOADER = "$(TEST_HOST)";
				FRAMEWORK_SEARCH_PATHS = (
					"$(SDKROOT)/Developer/Library/Frameworks",
					"$(inherited)",
				);
				GCC_PREPROCESSOR_DEFINITIONS = (
					"DEBUG=1",
					"$(inherited)",
				);
				INFOPLIST_FILE = ListTests/Info.plist;
				LD_RUNPATH_SEARCH_PATHS = "$(inherited) @executable_path/Frameworks @loader_path/Frameworks";
				PRODUCT_NAME = ListTests;
				TEST_HOST = "$(BUILT_PRODUCTS_DIR)/List.app/List";
			};
			name = Debug;
		};
		4ECE36801AD9A22100945395 /* Release */ = {
			isa = XCBuildConfiguration;
			buildSettings = {
				BUNDLE_LOADER = "$(TEST_HOST)";
				FRAMEWORK_SEARCH_PATHS = (
					"$(SDKROOT)/Developer/Library/Frameworks",
					"$(inherited)",
				);
				INFOPLIST_FILE = ListTests/Info.plist;
				LD_RUNPATH_SEARCH_PATHS = "$(inherited) @executable_path/Frameworks @loader_path/Frameworks";
				PRODUCT_NAME = ListTests;
				TEST_HOST = "$(BUILT_PRODUCTS_DIR)/List.app/List";
			};
			name = Release;
		};
/* End XCBuildConfiguration section */

/* Begin XCConfigurationList section */
		4ECE36501AD9A22100945395 /* Build configuration list for PBXProject "List" */ = {
			isa = XCConfigurationList;
			buildConfigurations = (
				4ECE36791AD9A22100945395 /* Debug */,
				4ECE367A1AD9A22100945395 /* Release */,
			);
			defaultConfigurationIsVisible = 0;
			defaultConfigurationName = Release;
		};
		4ECE367B1AD9A22100945395 /* Build configuration list for PBXNativeTarget "List" */ = {
			isa = XCConfigurationList;
			buildConfigurations = (
				4ECE367C1AD9A22100945395 /* Debug */,
				4ECE367D1AD9A22100945395 /* Release */,
			);
			defaultConfigurationIsVisible = 0;
			defaultConfigurationName = Release;
		};
		4ECE367E1AD9A22100945395 /* Build configuration list for PBXNativeTarget "ListTests" */ = {
			isa = XCConfigurationList;
			buildConfigurations = (
				4ECE367F1AD9A22100945395 /* Debug */,
				4ECE36801AD9A22100945395 /* Release */,
			);
			defaultConfigurationIsVisible = 0;
			defaultConfigurationName = Release;
		};
/* End XCConfigurationList section */

/* Begin XCVersionGroup section */
		4ECE365F1AD9A22100945395 /* List.xcdatamodeld */ = {
			isa = XCVersionGroup;
			children = (
				4ECE36601AD9A22100945395 /* List.xcdatamodel */,
			);
			currentVersion = 4ECE36601AD9A22100945395 /* List.xcdatamodel */;
			path = List.xcdatamodeld;
			sourceTree = "<group>";
			versionGroupType = wrapper.xcdatamodel;
		};
/* End XCVersionGroup section */
	};
	rootObject = 4ECE364D1AD9A22100945395 /* Project object */;
}
